
Microsoft Visual Studio Solution File, Format Version 12.00
# Visual Studio Version 17
VisualStudioVersion = 17.12.35707.178
MinimumVisualStudioVersion = 10.0.40219.1
Project("{FAE04EC0-301F-11D3-BF4B-00C04F79EFBC}") = "Cove", "..\WebFishingCove\Cove\Cove.csproj", "{D3DF07EB-111C-4603-A8C1-AA6DB4259B4A}"
EndProject
Project("{FAE04EC0-301F-11D3-BF4B-00C04F79EFBC}") = "CatFaceCounter", "CatFaceCounter\CatFaceCounter.csproj", "{6EDC49DB-A729-456A-B2A4-3AF45E7B7BA9}"
EndProject
Project("{FAE04EC0-301F-11D3-BF4B-00C04F79EFBC}") = "FlipACoin", "FlipACoin\FlipACoin.csproj", "{3B6B8254-04BC-4C17-B4A5-02C687A6A3A4}"
EndProject
Project("{FAE04EC0-301F-11D3-BF4B-00C04F79EFBC}") = "Roll", "Roll\Roll.csproj", "{B3E733B8-329E-46F2-8DA4-62367119B133}"
EndProject
Global
	GlobalSection(SolutionConfigurationPlatforms) = preSolution
		Debug|Any CPU = Debug|Any CPU
		Release|Any CPU = Release|Any CPU
	EndGlobalSection
	GlobalSection(ProjectConfigurationPlatforms) = postSolution
		{D3DF07EB-111C-4603-A8C1-AA6DB4259B4A}.Debug|Any CPU.ActiveCfg = Debug|Any CPU
		{D3DF07EB-111C-4603-A8C1-AA6DB4259B4A}.Debug|Any CPU.Build.0 = Debug|Any CPU
		{D3DF07EB-111C-4603-A8C1-AA6DB4259B4A}.Release|Any CPU.ActiveCfg = Release|Any CPU
		{D3DF07EB-111C-4603-A8C1-AA6DB4259B4A}.Release|Any CPU.Build.0 = Release|Any CPU
		{6EDC49DB-A729-456A-B2A4-3AF45E7B7BA9}.Debug|Any CPU.ActiveCfg = Debug|Any CPU
		{6EDC49DB-A729-456A-B2A4-3AF45E7B7BA9}.Debug|Any CPU.Build.0 = Debug|Any CPU
		{6EDC49DB-A729-456A-B2A4-3AF45E7B7BA9}.Release|Any CPU.ActiveCfg = Release|Any CPU
		{6EDC49DB-A729-456A-B2A4-3AF45E7B7BA9}.Release|Any CPU.Build.0 = Release|Any CPU
		{3B6B8254-04BC-4C17-B4A5-02C687A6A3A4}.Debug|Any CPU.ActiveCfg = Debug|Any CPU
		{3B6B8254-04BC-4C17-B4A5-02C687A6A3A4}.Debug|Any CPU.Build.0 = Debug|Any CPU
		{3B6B8254-04BC-4C17-B4A5-02C687A6A3A4}.Release|Any CPU.ActiveCfg = Release|Any CPU
		{3B6B8254-04BC-4C17-B4A5-02C687A6A3A4}.Release|Any CPU.Build.0 = Release|Any CPU
		{B3E733B8-329E-46F2-8DA4-62367119B133}.Debug|Any CPU.ActiveCfg = Debug|Any CPU
		{B3E733B8-329E-46F2-8DA4-62367119B133}.Debug|Any CPU.Build.0 = Debug|Any CPU
		{B3E733B8-329E-46F2-8DA4-62367119B133}.Release|Any CPU.ActiveCfg = Release|Any CPU
		{B3E733B8-329E-46F2-8DA4-62367119B133}.Release|Any CPU.Build.0 = Release|Any CPU
	EndGlobalSection
	GlobalSection(SolutionProperties) = preSolution
		HideSolutionNode = FALSE
	EndGlobalSection
EndGlobal
